// !$*UTF8*$!
{
	archiveVersion = 1;
	classes = {
	};
	objectVersion = 46;
	objects = {

/* Begin PBXBuildFile section */
		5B10E4201BDAE5C400A2E45E /* Bolts.framework in Frameworks */ = {isa = PBXBuildFile; fileRef = 5B10E4191BDAE5C400A2E45E /* Bolts.framework */; };
		5B10E4211BDAE5C400A2E45E /* Parse.framework in Frameworks */ = {isa = PBXBuildFile; fileRef = 5B10E41A1BDAE5C400A2E45E /* Parse.framework */; };
		5B10E4221BDAE5C400A2E45E /* ParseCrashReporting.framework in Frameworks */ = {isa = PBXBuildFile; fileRef = 5B10E41B1BDAE5C400A2E45E /* ParseCrashReporting.framework */; };
		5B10E4231BDAE5C400A2E45E /* ParseFacebookUtils.framework in Frameworks */ = {isa = PBXBuildFile; fileRef = 5B10E41C1BDAE5C400A2E45E /* ParseFacebookUtils.framework */; };
		5B10E4241BDAE5C400A2E45E /* ParseFacebookUtilsV4.framework in Frameworks */ = {isa = PBXBuildFile; fileRef = 5B10E41D1BDAE5C400A2E45E /* ParseFacebookUtilsV4.framework */; };
		5B10E4251BDAE5C400A2E45E /* ParseTwitterUtils.framework in Frameworks */ = {isa = PBXBuildFile; fileRef = 5B10E41E1BDAE5C400A2E45E /* ParseTwitterUtils.framework */; };
		5B10E4261BDAE5C400A2E45E /* ParseUI.framework in Frameworks */ = {isa = PBXBuildFile; fileRef = 5B10E41F1BDAE5C400A2E45E /* ParseUI.framework */; };
		5B10E4291BDAE67400A2E45E /* Accounts.framework in Frameworks */ = {isa = PBXBuildFile; fileRef = 5B10E4281BDAE67400A2E45E /* Accounts.framework */; };
		5B10E42B1BDAE67D00A2E45E /* AudioToolbox.framework in Frameworks */ = {isa = PBXBuildFile; fileRef = 5B10E42A1BDAE67D00A2E45E /* AudioToolbox.framework */; };
		5B10E42D1BDAE68900A2E45E /* CFNetwork.framework in Frameworks */ = {isa = PBXBuildFile; fileRef = 5B10E42C1BDAE68900A2E45E /* CFNetwork.framework */; };
		5B10E42F1BDAE68F00A2E45E /* CoreGraphics.framework in Frameworks */ = {isa = PBXBuildFile; fileRef = 5B10E42E1BDAE68F00A2E45E /* CoreGraphics.framework */; };
		5B10E4311BDAE69500A2E45E /* CoreLocation.framework in Frameworks */ = {isa = PBXBuildFile; fileRef = 5B10E4301BDAE69500A2E45E /* CoreLocation.framework */; };
		5B10E4331BDAE69C00A2E45E /* QuartzCore.framework in Frameworks */ = {isa = PBXBuildFile; fileRef = 5B10E4321BDAE69C00A2E45E /* QuartzCore.framework */; };
		5B10E4351BDAE6A100A2E45E /* Security.framework in Frameworks */ = {isa = PBXBuildFile; fileRef = 5B10E4341BDAE6A100A2E45E /* Security.framework */; };
		5B10E4371BDAE6A800A2E45E /* StoreKit.framework in Frameworks */ = {isa = PBXBuildFile; fileRef = 5B10E4361BDAE6A800A2E45E /* StoreKit.framework */; };
		5B10E4391BDAE6AE00A2E45E /* SystemConfiguration.framework in Frameworks */ = {isa = PBXBuildFile; fileRef = 5B10E4381BDAE6AE00A2E45E /* SystemConfiguration.framework */; };
		5B10E43B1BDAE6B600A2E45E /* libz.tbd in Frameworks */ = {isa = PBXBuildFile; fileRef = 5B10E43A1BDAE6B600A2E45E /* libz.tbd */; };
		5B10E43D1BDAE6C200A2E45E /* libsqlite3.tbd in Frameworks */ = {isa = PBXBuildFile; fileRef = 5B10E43C1BDAE6C200A2E45E /* libsqlite3.tbd */; };
		5B10E43F1BDAE6C900A2E45E /* Social.framework in Frameworks */ = {isa = PBXBuildFile; fileRef = 5B10E43E1BDAE6C900A2E45E /* Social.framework */; };
		5B10E4421BDAFDFC00A2E45E /* LoginViewController.m in Sources */ = {isa = PBXBuildFile; fileRef = 5B10E4411BDAFDFC00A2E45E /* LoginViewController.m */; };
		5B10E4451BDAFE1D00A2E45E /* SignupViewController.m in Sources */ = {isa = PBXBuildFile; fileRef = 5B10E4441BDAFE1D00A2E45E /* SignupViewController.m */; };
		5B10E4481BDBEFBE00A2E45E /* EditFriendsTableViewController.m in Sources */ = {isa = PBXBuildFile; fileRef = 5B10E4471BDBEFBE00A2E45E /* EditFriendsTableViewController.m */; };
		5B10E44B1BDBF91F00A2E45E /* FriendsTableViewController.m in Sources */ = {isa = PBXBuildFile; fileRef = 5B10E44A1BDBF91F00A2E45E /* FriendsTableViewController.m */; };
		5B10E44E1BDC0C5F00A2E45E /* CameraViewControllerTableViewController.m in Sources */ = {isa = PBXBuildFile; fileRef = 5B10E44D1BDC0C5F00A2E45E /* CameraViewControllerTableViewController.m */; };
		5B4DFD0B1BDAB8AA006BF891 /* main.m in Sources */ = {isa = PBXBuildFile; fileRef = 5B4DFD0A1BDAB8AA006BF891 /* main.m */; };
		5B4DFD0E1BDAB8AA006BF891 /* AppDelegate.m in Sources */ = {isa = PBXBuildFile; fileRef = 5B4DFD0D1BDAB8AA006BF891 /* AppDelegate.m */; };
		5B4DFD171BDAB8AA006BF891 /* Main.storyboard in Resources */ = {isa = PBXBuildFile; fileRef = 5B4DFD151BDAB8AA006BF891 /* Main.storyboard */; };
		5B4DFD191BDAB8AA006BF891 /* Assets.xcassets in Resources */ = {isa = PBXBuildFile; fileRef = 5B4DFD181BDAB8AA006BF891 /* Assets.xcassets */; };
		5B4DFD1C1BDAB8AA006BF891 /* LaunchScreen.storyboard in Resources */ = {isa = PBXBuildFile; fileRef = 5B4DFD1A1BDAB8AA006BF891 /* LaunchScreen.storyboard */; };
		5B4DFD271BDAB8AA006BF891 /* RibbitTests.m in Sources */ = {isa = PBXBuildFile; fileRef = 5B4DFD261BDAB8AA006BF891 /* RibbitTests.m */; };
		5B4DFD321BDAB8AA006BF891 /* RibbitUITests.m in Sources */ = {isa = PBXBuildFile; fileRef = 5B4DFD311BDAB8AA006BF891 /* RibbitUITests.m */; };
		5B4DFD411BDAC279006BF891 /* InboxTableViewController.m in Sources */ = {isa = PBXBuildFile; fileRef = 5B4DFD401BDAC279006BF891 /* InboxTableViewController.m */; };
/* End PBXBuildFile section */

/* Begin PBXContainerItemProxy section */
		5B4DFD231BDAB8AA006BF891 /* PBXContainerItemProxy */ = {
			isa = PBXContainerItemProxy;
			containerPortal = 5B4DFCFE1BDAB8AA006BF891 /* Project object */;
			proxyType = 1;
			remoteGlobalIDString = 5B4DFD051BDAB8AA006BF891;
			remoteInfo = Ribbit;
		};
		5B4DFD2E1BDAB8AA006BF891 /* PBXContainerItemProxy */ = {
			isa = PBXContainerItemProxy;
			containerPortal = 5B4DFCFE1BDAB8AA006BF891 /* Project object */;
			proxyType = 1;
			remoteGlobalIDString = 5B4DFD051BDAB8AA006BF891;
			remoteInfo = Ribbit;
		};
/* End PBXContainerItemProxy section */

/* Begin PBXFileReference section */
		5B10E4191BDAE5C400A2E45E /* Bolts.framework */ = {isa = PBXFileReference; lastKnownFileType = wrapper.framework; path = Bolts.framework; sourceTree = "<group>"; };
		5B10E41A1BDAE5C400A2E45E /* Parse.framework */ = {isa = PBXFileReference; lastKnownFileType = wrapper.framework; path = Parse.framework; sourceTree = "<group>"; };
		5B10E41B1BDAE5C400A2E45E /* ParseCrashReporting.framework */ = {isa = PBXFileReference; lastKnownFileType = wrapper.framework; path = ParseCrashReporting.framework; sourceTree = "<group>"; };
		5B10E41C1BDAE5C400A2E45E /* ParseFacebookUtils.framework */ = {isa = PBXFileReference; lastKnownFileType = wrapper.framework; path = ParseFacebookUtils.framework; sourceTree = "<group>"; };
		5B10E41D1BDAE5C400A2E45E /* ParseFacebookUtilsV4.framework */ = {isa = PBXFileReference; lastKnownFileType = wrapper.framework; path = ParseFacebookUtilsV4.framework; sourceTree = "<group>"; };
		5B10E41E1BDAE5C400A2E45E /* ParseTwitterUtils.framework */ = {isa = PBXFileReference; lastKnownFileType = wrapper.framework; path = ParseTwitterUtils.framework; sourceTree = "<group>"; };
		5B10E41F1BDAE5C400A2E45E /* ParseUI.framework */ = {isa = PBXFileReference; lastKnownFileType = wrapper.framework; path = ParseUI.framework; sourceTree = "<group>"; };
		5B10E4281BDAE67400A2E45E /* Accounts.framework */ = {isa = PBXFileReference; lastKnownFileType = wrapper.framework; name = Accounts.framework; path = System/Library/Frameworks/Accounts.framework; sourceTree = SDKROOT; };
		5B10E42A1BDAE67D00A2E45E /* AudioToolbox.framework */ = {isa = PBXFileReference; lastKnownFileType = wrapper.framework; name = AudioToolbox.framework; path = System/Library/Frameworks/AudioToolbox.framework; sourceTree = SDKROOT; };
		5B10E42C1BDAE68900A2E45E /* CFNetwork.framework */ = {isa = PBXFileReference; lastKnownFileType = wrapper.framework; name = CFNetwork.framework; path = System/Library/Frameworks/CFNetwork.framework; sourceTree = SDKROOT; };
		5B10E42E1BDAE68F00A2E45E /* CoreGraphics.framework */ = {isa = PBXFileReference; lastKnownFileType = wrapper.framework; name = CoreGraphics.framework; path = System/Library/Frameworks/CoreGraphics.framework; sourceTree = SDKROOT; };
		5B10E4301BDAE69500A2E45E /* CoreLocation.framework */ = {isa = PBXFileReference; lastKnownFileType = wrapper.framework; name = CoreLocation.framework; path = System/Library/Frameworks/CoreLocation.framework; sourceTree = SDKROOT; };
		5B10E4321BDAE69C00A2E45E /* QuartzCore.framework */ = {isa = PBXFileReference; lastKnownFileType = wrapper.framework; name = QuartzCore.framework; path = System/Library/Frameworks/QuartzCore.framework; sourceTree = SDKROOT; };
		5B10E4341BDAE6A100A2E45E /* Security.framework */ = {isa = PBXFileReference; lastKnownFileType = wrapper.framework; name = Security.framework; path = System/Library/Frameworks/Security.framework; sourceTree = SDKROOT; };
		5B10E4361BDAE6A800A2E45E /* StoreKit.framework */ = {isa = PBXFileReference; lastKnownFileType = wrapper.framework; name = StoreKit.framework; path = System/Library/Frameworks/StoreKit.framework; sourceTree = SDKROOT; };
		5B10E4381BDAE6AE00A2E45E /* SystemConfiguration.framework */ = {isa = PBXFileReference; lastKnownFileType = wrapper.framework; name = SystemConfiguration.framework; path = System/Library/Frameworks/SystemConfiguration.framework; sourceTree = SDKROOT; };
		5B10E43A1BDAE6B600A2E45E /* libz.tbd */ = {isa = PBXFileReference; lastKnownFileType = "sourcecode.text-based-dylib-definition"; name = libz.tbd; path = usr/lib/libz.tbd; sourceTree = SDKROOT; };
		5B10E43C1BDAE6C200A2E45E /* libsqlite3.tbd */ = {isa = PBXFileReference; lastKnownFileType = "sourcecode.text-based-dylib-definition"; name = libsqlite3.tbd; path = usr/lib/libsqlite3.tbd; sourceTree = SDKROOT; };
		5B10E43E1BDAE6C900A2E45E /* Social.framework */ = {isa = PBXFileReference; lastKnownFileType = wrapper.framework; name = Social.framework; path = System/Library/Frameworks/Social.framework; sourceTree = SDKROOT; };
		5B10E4401BDAFDFC00A2E45E /* LoginViewController.h */ = {isa = PBXFileReference; fileEncoding = 4; lastKnownFileType = sourcecode.c.h; name = LoginViewController.h; path = ../LoginViewController.h; sourceTree = "<group>"; };
		5B10E4411BDAFDFC00A2E45E /* LoginViewController.m */ = {isa = PBXFileReference; fileEncoding = 4; lastKnownFileType = sourcecode.c.objc; name = LoginViewController.m; path = ../LoginViewController.m; sourceTree = "<group>"; };
		5B10E4431BDAFE1D00A2E45E /* SignupViewController.h */ = {isa = PBXFileReference; fileEncoding = 4; lastKnownFileType = sourcecode.c.h; path = SignupViewController.h; sourceTree = "<group>"; };
		5B10E4441BDAFE1D00A2E45E /* SignupViewController.m */ = {isa = PBXFileReference; fileEncoding = 4; lastKnownFileType = sourcecode.c.objc; path = SignupViewController.m; sourceTree = "<group>"; };
		5B10E4461BDBEFBE00A2E45E /* EditFriendsTableViewController.h */ = {isa = PBXFileReference; fileEncoding = 4; lastKnownFileType = sourcecode.c.h; path = EditFriendsTableViewController.h; sourceTree = "<group>"; };
		5B10E4471BDBEFBE00A2E45E /* EditFriendsTableViewController.m */ = {isa = PBXFileReference; fileEncoding = 4; lastKnownFileType = sourcecode.c.objc; path = EditFriendsTableViewController.m; sourceTree = "<group>"; };
		5B10E4491BDBF91F00A2E45E /* FriendsTableViewController.h */ = {isa = PBXFileReference; fileEncoding = 4; lastKnownFileType = sourcecode.c.h; path = FriendsTableViewController.h; sourceTree = "<group>"; };
		5B10E44A1BDBF91F00A2E45E /* FriendsTableViewController.m */ = {isa = PBXFileReference; fileEncoding = 4; lastKnownFileType = sourcecode.c.objc; path = FriendsTableViewController.m; sourceTree = "<group>"; };
		5B10E44C1BDC0C5F00A2E45E /* CameraViewControllerTableViewController.h */ = {isa = PBXFileReference; fileEncoding = 4; lastKnownFileType = sourcecode.c.h; path = CameraViewControllerTableViewController.h; sourceTree = "<group>"; };
		5B10E44D1BDC0C5F00A2E45E /* CameraViewControllerTableViewController.m */ = {isa = PBXFileReference; fileEncoding = 4; lastKnownFileType = sourcecode.c.objc; path = CameraViewControllerTableViewController.m; sourceTree = "<group>"; };
		5B4DFD061BDAB8AA006BF891 /* Ribbit.app */ = {isa = PBXFileReference; explicitFileType = wrapper.application; includeInIndex = 0; path = Ribbit.app; sourceTree = BUILT_PRODUCTS_DIR; };
		5B4DFD0A1BDAB8AA006BF891 /* main.m */ = {isa = PBXFileReference; lastKnownFileType = sourcecode.c.objc; path = main.m; sourceTree = "<group>"; };
		5B4DFD0C1BDAB8AA006BF891 /* AppDelegate.h */ = {isa = PBXFileReference; lastKnownFileType = sourcecode.c.h; path = AppDelegate.h; sourceTree = "<group>"; };
		5B4DFD0D1BDAB8AA006BF891 /* AppDelegate.m */ = {isa = PBXFileReference; lastKnownFileType = sourcecode.c.objc; path = AppDelegate.m; sourceTree = "<group>"; };
		5B4DFD161BDAB8AA006BF891 /* Base */ = {isa = PBXFileReference; lastKnownFileType = file.storyboard; name = Base; path = Base.lproj/Main.storyboard; sourceTree = "<group>"; };
		5B4DFD181BDAB8AA006BF891 /* Assets.xcassets */ = {isa = PBXFileReference; lastKnownFileType = folder.assetcatalog; path = Assets.xcassets; sourceTree = "<group>"; };
		5B4DFD1B1BDAB8AA006BF891 /* Base */ = {isa = PBXFileReference; lastKnownFileType = file.storyboard; name = Base; path = Base.lproj/LaunchScreen.storyboard; sourceTree = "<group>"; };
		5B4DFD1D1BDAB8AA006BF891 /* Info.plist */ = {isa = PBXFileReference; lastKnownFileType = text.plist.xml; path = Info.plist; sourceTree = "<group>"; };
		5B4DFD221BDAB8AA006BF891 /* RibbitTests.xctest */ = {isa = PBXFileReference; explicitFileType = wrapper.cfbundle; includeInIndex = 0; path = RibbitTests.xctest; sourceTree = BUILT_PRODUCTS_DIR; };
		5B4DFD261BDAB8AA006BF891 /* RibbitTests.m */ = {isa = PBXFileReference; lastKnownFileType = sourcecode.c.objc; path = RibbitTests.m; sourceTree = "<group>"; };
		5B4DFD281BDAB8AA006BF891 /* Info.plist */ = {isa = PBXFileReference; lastKnownFileType = text.plist.xml; path = Info.plist; sourceTree = "<group>"; };
		5B4DFD2D1BDAB8AA006BF891 /* RibbitUITests.xctest */ = {isa = PBXFileReference; explicitFileType = wrapper.cfbundle; includeInIndex = 0; path = RibbitUITests.xctest; sourceTree = BUILT_PRODUCTS_DIR; };
		5B4DFD311BDAB8AA006BF891 /* RibbitUITests.m */ = {isa = PBXFileReference; lastKnownFileType = sourcecode.c.objc; path = RibbitUITests.m; sourceTree = "<group>"; };
		5B4DFD331BDAB8AA006BF891 /* Info.plist */ = {isa = PBXFileReference; lastKnownFileType = text.plist.xml; path = Info.plist; sourceTree = "<group>"; };
		5B4DFD3F1BDAC279006BF891 /* InboxTableViewController.h */ = {isa = PBXFileReference; fileEncoding = 4; lastKnownFileType = sourcecode.c.h; path = InboxTableViewController.h; sourceTree = "<group>"; };
		5B4DFD401BDAC279006BF891 /* InboxTableViewController.m */ = {isa = PBXFileReference; fileEncoding = 4; lastKnownFileType = sourcecode.c.objc; path = InboxTableViewController.m; sourceTree = "<group>"; };
/* End PBXFileReference section */

/* Begin PBXFrameworksBuildPhase section */
		5B4DFD031BDAB8AA006BF891 /* Frameworks */ = {
			isa = PBXFrameworksBuildPhase;
			buildActionMask = 2147483647;
			files = (
				5B10E43F1BDAE6C900A2E45E /* Social.framework in Frameworks */,
				5B10E43D1BDAE6C200A2E45E /* libsqlite3.tbd in Frameworks */,
				5B10E43B1BDAE6B600A2E45E /* libz.tbd in Frameworks */,
				5B10E4391BDAE6AE00A2E45E /* SystemConfiguration.framework in Frameworks */,
				5B10E4371BDAE6A800A2E45E /* StoreKit.framework in Frameworks */,
				5B10E4351BDAE6A100A2E45E /* Security.framework in Frameworks */,
				5B10E4331BDAE69C00A2E45E /* QuartzCore.framework in Frameworks */,
				5B10E4311BDAE69500A2E45E /* CoreLocation.framework in Frameworks */,
				5B10E42F1BDAE68F00A2E45E /* CoreGraphics.framework in Frameworks */,
				5B10E42D1BDAE68900A2E45E /* CFNetwork.framework in Frameworks */,
				5B10E42B1BDAE67D00A2E45E /* AudioToolbox.framework in Frameworks */,
				5B10E4291BDAE67400A2E45E /* Accounts.framework in Frameworks */,
				5B10E4211BDAE5C400A2E45E /* Parse.framework in Frameworks */,
				5B10E4221BDAE5C400A2E45E /* ParseCrashReporting.framework in Frameworks */,
				5B10E4261BDAE5C400A2E45E /* ParseUI.framework in Frameworks */,
				5B10E4231BDAE5C400A2E45E /* ParseFacebookUtils.framework in Frameworks */,
				5B10E4201BDAE5C400A2E45E /* Bolts.framework in Frameworks */,
				5B10E4251BDAE5C400A2E45E /* ParseTwitterUtils.framework in Frameworks */,
				5B10E4241BDAE5C400A2E45E /* ParseFacebookUtilsV4.framework in Frameworks */,
			);
			runOnlyForDeploymentPostprocessing = 0;
		};
		5B4DFD1F1BDAB8AA006BF891 /* Frameworks */ = {
			isa = PBXFrameworksBuildPhase;
			buildActionMask = 2147483647;
			files = (
			);
			runOnlyForDeploymentPostprocessing = 0;
		};
		5B4DFD2A1BDAB8AA006BF891 /* Frameworks */ = {
			isa = PBXFrameworksBuildPhase;
			buildActionMask = 2147483647;
			files = (
			);
			runOnlyForDeploymentPostprocessing = 0;
		};
/* End PBXFrameworksBuildPhase section */

/* Begin PBXGroup section */
		5B10E4271BDAE5D200A2E45E /* Frameworks */ = {
			isa = PBXGroup;
			children = (
				5B10E43E1BDAE6C900A2E45E /* Social.framework */,
				5B10E43C1BDAE6C200A2E45E /* libsqlite3.tbd */,
				5B10E43A1BDAE6B600A2E45E /* libz.tbd */,
				5B10E4381BDAE6AE00A2E45E /* SystemConfiguration.framework */,
				5B10E4361BDAE6A800A2E45E /* StoreKit.framework */,
				5B10E4341BDAE6A100A2E45E /* Security.framework */,
				5B10E4321BDAE69C00A2E45E /* QuartzCore.framework */,
				5B10E4301BDAE69500A2E45E /* CoreLocation.framework */,
				5B10E42E1BDAE68F00A2E45E /* CoreGraphics.framework */,
				5B10E42C1BDAE68900A2E45E /* CFNetwork.framework */,
				5B10E42A1BDAE67D00A2E45E /* AudioToolbox.framework */,
				5B10E4281BDAE67400A2E45E /* Accounts.framework */,
				5B10E4191BDAE5C400A2E45E /* Bolts.framework */,
				5B10E41A1BDAE5C400A2E45E /* Parse.framework */,
				5B10E41B1BDAE5C400A2E45E /* ParseCrashReporting.framework */,
				5B10E41C1BDAE5C400A2E45E /* ParseFacebookUtils.framework */,
				5B10E41D1BDAE5C400A2E45E /* ParseFacebookUtilsV4.framework */,
				5B10E41E1BDAE5C400A2E45E /* ParseTwitterUtils.framework */,
				5B10E41F1BDAE5C400A2E45E /* ParseUI.framework */,
			);
			name = Frameworks;
			path = Ribbit;
			sourceTree = "<group>";
		};
		5B4DFCFD1BDAB8AA006BF891 = {
			isa = PBXGroup;
			children = (
				5B4DFD081BDAB8AA006BF891 /* Ribbit */,
				5B10E4271BDAE5D200A2E45E /* Frameworks */,
				5B4DFD251BDAB8AA006BF891 /* RibbitTests */,
				5B4DFD301BDAB8AA006BF891 /* RibbitUITests */,
				5B4DFD071BDAB8AA006BF891 /* Products */,
			);
			sourceTree = "<group>";
		};
		5B4DFD071BDAB8AA006BF891 /* Products */ = {
			isa = PBXGroup;
			children = (
				5B4DFD061BDAB8AA006BF891 /* Ribbit.app */,
				5B4DFD221BDAB8AA006BF891 /* RibbitTests.xctest */,
				5B4DFD2D1BDAB8AA006BF891 /* RibbitUITests.xctest */,
			);
			name = Products;
			sourceTree = "<group>";
		};
		5B4DFD081BDAB8AA006BF891 /* Ribbit */ = {
			isa = PBXGroup;
			children = (
				5B4DFD0C1BDAB8AA006BF891 /* AppDelegate.h */,
				5B4DFD0D1BDAB8AA006BF891 /* AppDelegate.m */,
				5B10E4401BDAFDFC00A2E45E /* LoginViewController.h */,
				5B10E4411BDAFDFC00A2E45E /* LoginViewController.m */,
				5B10E4431BDAFE1D00A2E45E /* SignupViewController.h */,
				5B10E4441BDAFE1D00A2E45E /* SignupViewController.m */,
				5B4DFD3F1BDAC279006BF891 /* InboxTableViewController.h */,
				5B4DFD401BDAC279006BF891 /* InboxTableViewController.m */,
				5B10E4491BDBF91F00A2E45E /* FriendsTableViewController.h */,
				5B10E44A1BDBF91F00A2E45E /* FriendsTableViewController.m */,
				5B10E4461BDBEFBE00A2E45E /* EditFriendsTableViewController.h */,
				5B10E4471BDBEFBE00A2E45E /* EditFriendsTableViewController.m */,
				5B10E44C1BDC0C5F00A2E45E /* CameraViewControllerTableViewController.h */,
				5B10E44D1BDC0C5F00A2E45E /* CameraViewControllerTableViewController.m */,
				5B4DFD151BDAB8AA006BF891 /* Main.storyboard */,
				5B4DFD181BDAB8AA006BF891 /* Assets.xcassets */,
				5B4DFD1A1BDAB8AA006BF891 /* LaunchScreen.storyboard */,
				5B4DFD1D1BDAB8AA006BF891 /* Info.plist */,
				5B4DFD091BDAB8AA006BF891 /* Supporting Files */,
			);
			path = Ribbit;
			sourceTree = "<group>";
		};
		5B4DFD091BDAB8AA006BF891 /* Supporting Files */ = {
			isa = PBXGroup;
			children = (
				5B4DFD0A1BDAB8AA006BF891 /* main.m */,
			);
			name = "Supporting Files";
			sourceTree = "<group>";
		};
		5B4DFD251BDAB8AA006BF891 /* RibbitTests */ = {
			isa = PBXGroup;
			children = (
				5B4DFD261BDAB8AA006BF891 /* RibbitTests.m */,
				5B4DFD281BDAB8AA006BF891 /* Info.plist */,
			);
			path = RibbitTests;
			sourceTree = "<group>";
		};
		5B4DFD301BDAB8AA006BF891 /* RibbitUITests */ = {
			isa = PBXGroup;
			children = (
				5B4DFD311BDAB8AA006BF891 /* RibbitUITests.m */,
				5B4DFD331BDAB8AA006BF891 /* Info.plist */,
			);
			path = RibbitUITests;
			sourceTree = "<group>";
		};
/* End PBXGroup section */

/* Begin PBXNativeTarget section */
		5B4DFD051BDAB8AA006BF891 /* Ribbit */ = {
			isa = PBXNativeTarget;
			buildConfigurationList = 5B4DFD361BDAB8AA006BF891 /* Build configuration list for PBXNativeTarget "Ribbit" */;
			buildPhases = (
				5B4DFD021BDAB8AA006BF891 /* Sources */,
				5B4DFD031BDAB8AA006BF891 /* Frameworks */,
				5B4DFD041BDAB8AA006BF891 /* Resources */,
			);
			buildRules = (
			);
			dependencies = (
			);
			name = Ribbit;
			productName = Ribbit;
			productReference = 5B4DFD061BDAB8AA006BF891 /* Ribbit.app */;
			productType = "com.apple.product-type.application";
		};
		5B4DFD211BDAB8AA006BF891 /* RibbitTests */ = {
			isa = PBXNativeTarget;
			buildConfigurationList = 5B4DFD391BDAB8AA006BF891 /* Build configuration list for PBXNativeTarget "RibbitTests" */;
			buildPhases = (
				5B4DFD1E1BDAB8AA006BF891 /* Sources */,
				5B4DFD1F1BDAB8AA006BF891 /* Frameworks */,
				5B4DFD201BDAB8AA006BF891 /* Resources */,
			);
			buildRules = (
			);
			dependencies = (
				5B4DFD241BDAB8AA006BF891 /* PBXTargetDependency */,
			);
			name = RibbitTests;
			productName = RibbitTests;
			productReference = 5B4DFD221BDAB8AA006BF891 /* RibbitTests.xctest */;
			productType = "com.apple.product-type.bundle.unit-test";
		};
		5B4DFD2C1BDAB8AA006BF891 /* RibbitUITests */ = {
			isa = PBXNativeTarget;
			buildConfigurationList = 5B4DFD3C1BDAB8AA006BF891 /* Build configuration list for PBXNativeTarget "RibbitUITests" */;
			buildPhases = (
				5B4DFD291BDAB8AA006BF891 /* Sources */,
				5B4DFD2A1BDAB8AA006BF891 /* Frameworks */,
				5B4DFD2B1BDAB8AA006BF891 /* Resources */,
			);
			buildRules = (
			);
			dependencies = (
				5B4DFD2F1BDAB8AA006BF891 /* PBXTargetDependency */,
			);
			name = RibbitUITests;
			productName = RibbitUITests;
			productReference = 5B4DFD2D1BDAB8AA006BF891 /* RibbitUITests.xctest */;
			productType = "com.apple.product-type.bundle.ui-testing";
		};
/* End PBXNativeTarget section */

/* Begin PBXProject section */
		5B4DFCFE1BDAB8AA006BF891 /* Project object */ = {
			isa = PBXProject;
			attributes = {
				LastUpgradeCheck = 0710;
				ORGANIZATIONNAME = "Jetwolfe Labs";
				TargetAttributes = {
					5B4DFD051BDAB8AA006BF891 = {
						CreatedOnToolsVersion = 7.1;
					};
					5B4DFD211BDAB8AA006BF891 = {
						CreatedOnToolsVersion = 7.1;
						TestTargetID = 5B4DFD051BDAB8AA006BF891;
					};
					5B4DFD2C1BDAB8AA006BF891 = {
						CreatedOnToolsVersion = 7.1;
						TestTargetID = 5B4DFD051BDAB8AA006BF891;
					};
				};
			};
			buildConfigurationList = 5B4DFD011BDAB8AA006BF891 /* Build configuration list for PBXProject "Ribbit" */;
			compatibilityVersion = "Xcode 3.2";
			developmentRegion = English;
			hasScannedForEncodings = 0;
			knownRegions = (
				en,
				Base,
			);
			mainGroup = 5B4DFCFD1BDAB8AA006BF891;
			productRefGroup = 5B4DFD071BDAB8AA006BF891 /* Products */;
			projectDirPath = "";
			projectRoot = "";
			targets = (
				5B4DFD051BDAB8AA006BF891 /* Ribbit */,
				5B4DFD211BDAB8AA006BF891 /* RibbitTests */,
				5B4DFD2C1BDAB8AA006BF891 /* RibbitUITests */,
			);
		};
/* End PBXProject section */

/* Begin PBXResourcesBuildPhase section */
		5B4DFD041BDAB8AA006BF891 /* Resources */ = {
			isa = PBXResourcesBuildPhase;
			buildActionMask = 2147483647;
			files = (
				5B4DFD1C1BDAB8AA006BF891 /* LaunchScreen.storyboard in Resources */,
				5B4DFD191BDAB8AA006BF891 /* Assets.xcassets in Resources */,
				5B4DFD171BDAB8AA006BF891 /* Main.storyboard in Resources */,
			);
			runOnlyForDeploymentPostprocessing = 0;
		};
		5B4DFD201BDAB8AA006BF891 /* Resources */ = {
			isa = PBXResourcesBuildPhase;
			buildActionMask = 2147483647;
			files = (
			);
			runOnlyForDeploymentPostprocessing = 0;
		};
		5B4DFD2B1BDAB8AA006BF891 /* Resources */ = {
			isa = PBXResourcesBuildPhase;
			buildActionMask = 2147483647;
			files = (
			);
			runOnlyForDeploymentPostprocessing = 0;
		};
/* End PBXResourcesBuildPhase section */

/* Begin PBXSourcesBuildPhase section */
		5B4DFD021BDAB8AA006BF891 /* Sources */ = {
			isa = PBXSourcesBuildPhase;
			buildActionMask = 2147483647;
			files = (
				5B10E4421BDAFDFC00A2E45E /* LoginViewController.m in Sources */,
				5B4DFD0E1BDAB8AA006BF891 /* AppDelegate.m in Sources */,
				5B10E4481BDBEFBE00A2E45E /* EditFriendsTableViewController.m in Sources */,
				5B10E44E1BDC0C5F00A2E45E /* CameraViewControllerTableViewController.m in Sources */,
				5B4DFD411BDAC279006BF891 /* InboxTableViewController.m in Sources */,
				5B4DFD0B1BDAB8AA006BF891 /* main.m in Sources */,
				5B10E44B1BDBF91F00A2E45E /* FriendsTableViewController.m in Sources */,
				5B10E4451BDAFE1D00A2E45E /* SignupViewController.m in Sources */,
			);
			runOnlyForDeploymentPostprocessing = 0;
		};
		5B4DFD1E1BDAB8AA006BF891 /* Sources */ = {
			isa = PBXSourcesBuildPhase;
			buildActionMask = 2147483647;
			files = (
				5B4DFD271BDAB8AA006BF891 /* RibbitTests.m in Sources */,
			);
			runOnlyForDeploymentPostprocessing = 0;
		};
		5B4DFD291BDAB8AA006BF891 /* Sources */ = {
			isa = PBXSourcesBuildPhase;
			buildActionMask = 2147483647;
			files = (
				5B4DFD321BDAB8AA006BF891 /* RibbitUITests.m in Sources */,
			);
			runOnlyForDeploymentPostprocessing = 0;
		};
/* End PBXSourcesBuildPhase section */

/* Begin PBXTargetDependency section */
		5B4DFD241BDAB8AA006BF891 /* PBXTargetDependency */ = {
			isa = PBXTargetDependency;
			target = 5B4DFD051BDAB8AA006BF891 /* Ribbit */;
			targetProxy = 5B4DFD231BDAB8AA006BF891 /* PBXContainerItemProxy */;
		};
		5B4DFD2F1BDAB8AA006BF891 /* PBXTargetDependency */ = {
			isa = PBXTargetDependency;
			target = 5B4DFD051BDAB8AA006BF891 /* Ribbit */;
			targetProxy = 5B4DFD2E1BDAB8AA006BF891 /* PBXContainerItemProxy */;
		};
/* End PBXTargetDependency section */

/* Begin PBXVariantGroup section */
		5B4DFD151BDAB8AA006BF891 /* Main.storyboard */ = {
			isa = PBXVariantGroup;
			children = (
				5B4DFD161BDAB8AA006BF891 /* Base */,
			);
			name = Main.storyboard;
			sourceTree = "<group>";
		};
		5B4DFD1A1BDAB8AA006BF891 /* LaunchScreen.storyboard */ = {
			isa = PBXVariantGroup;
			children = (
				5B4DFD1B1BDAB8AA006BF891 /* Base */,
			);
			name = LaunchScreen.storyboard;
			sourceTree = "<group>";
		};
/* End PBXVariantGroup section */

/* Begin XCBuildConfiguration section */
		5B4DFD341BDAB8AA006BF891 /* Debug */ = {
			isa = XCBuildConfiguration;
			buildSettings = {
				ALWAYS_SEARCH_USER_PATHS = NO;
				CLANG_CXX_LANGUAGE_STANDARD = "gnu++0x";
				CLANG_CXX_LIBRARY = "libc++";
				CLANG_ENABLE_MODULES = YES;
				CLANG_ENABLE_OBJC_ARC = YES;
				CLANG_WARN_BOOL_CONVERSION = YES;
				CLANG_WARN_CONSTANT_CONVERSION = YES;
				CLANG_WARN_DIRECT_OBJC_ISA_USAGE = YES_ERROR;
				CLANG_WARN_EMPTY_BODY = YES;
				CLANG_WARN_ENUM_CONVERSION = YES;
				CLANG_WARN_INT_CONVERSION = YES;
				CLANG_WARN_OBJC_ROOT_CLASS = YES_ERROR;
				CLANG_WARN_UNREACHABLE_CODE = YES;
				CLANG_WARN__DUPLICATE_METHOD_MATCH = YES;
				"CODE_SIGN_IDENTITY[sdk=iphoneos*]" = "iPhone Developer";
				COPY_PHASE_STRIP = NO;
				DEBUG_INFORMATION_FORMAT = dwarf;
				ENABLE_STRICT_OBJC_MSGSEND = YES;
				ENABLE_TESTABILITY = YES;
				GCC_C_LANGUAGE_STANDARD = gnu99;
				GCC_DYNAMIC_NO_PIC = NO;
				GCC_NO_COMMON_BLOCKS = YES;
				GCC_OPTIMIZATION_LEVEL = 0;
				GCC_PREPROCESSOR_DEFINITIONS = (
					"DEBUG=1",
					"$(inherited)",
				);
				GCC_WARN_64_TO_32_BIT_CONVERSION = YES;
				GCC_WARN_ABOUT_RETURN_TYPE = YES_ERROR;
				GCC_WARN_UNDECLARED_SELECTOR = YES;
				GCC_WARN_UNINITIALIZED_AUTOS = YES_AGGRESSIVE;
				GCC_WARN_UNUSED_FUNCTION = YES;
				GCC_WARN_UNUSED_VARIABLE = YES;
				IPHONEOS_DEPLOYMENT_TARGET = 9.1;
				MTL_ENABLE_DEBUG_INFO = YES;
				ONLY_ACTIVE_ARCH = YES;
				SDKROOT = iphoneos;
			};
			name = Debug;
		};
		5B4DFD351BDAB8AA006BF891 /* Release */ = {
			isa = XCBuildConfiguration;
			buildSettings = {
				ALWAYS_SEARCH_USER_PATHS = NO;
				CLANG_CXX_LANGUAGE_STANDARD = "gnu++0x";
				CLANG_CXX_LIBRARY = "libc++";
				CLANG_ENABLE_MODULES = YES;
				CLANG_ENABLE_OBJC_ARC = YES;
				CLANG_WARN_BOOL_CONVERSION = YES;
				CLANG_WARN_CONSTANT_CONVERSION = YES;
				CLANG_WARN_DIRECT_OBJC_ISA_USAGE = YES_ERROR;
				CLANG_WARN_EMPTY_BODY = YES;
				CLANG_WARN_ENUM_CONVERSION = YES;
				CLANG_WARN_INT_CONVERSION = YES;
				CLANG_WARN_OBJC_ROOT_CLASS = YES_ERROR;
				CLANG_WARN_UNREACHABLE_CODE = YES;
				CLANG_WARN__DUPLICATE_METHOD_MATCH = YES;
				"CODE_SIGN_IDENTITY[sdk=iphoneos*]" = "iPhone Developer";
				COPY_PHASE_STRIP = NO;
				DEBUG_INFORMATION_FORMAT = "dwarf-with-dsym";
				ENABLE_NS_ASSERTIONS = NO;
				ENABLE_STRICT_OBJC_MSGSEND = YES;
				GCC_C_LANGUAGE_STANDARD = gnu99;
				GCC_NO_COMMON_BLOCKS = YES;
				GCC_WARN_64_TO_32_BIT_CONVERSION = YES;
				GCC_WARN_ABOUT_RETURN_TYPE = YES_ERROR;
				GCC_WARN_UNDECLARED_SELECTOR = YES;
				GCC_WARN_UNINITIALIZED_AUTOS = YES_AGGRESSIVE;
				GCC_WARN_UNUSED_FUNCTION = YES;
				GCC_WARN_UNUSED_VARIABLE = YES;
				IPHONEOS_DEPLOYMENT_TARGET = 9.1;
				MTL_ENABLE_DEBUG_INFO = NO;
				SDKROOT = iphoneos;
				VALIDATE_PRODUCT = YES;
			};
			name = Release;
		};
		5B4DFD371BDAB8AA006BF891 /* Debug */ = {
			isa = XCBuildConfiguration;
			buildSettings = {
				ASSETCATALOG_COMPILER_APPICON_NAME = AppIcon;
				FRAMEWORK_SEARCH_PATHS = (
					"$(inherited)",
					"$(PROJECT_DIR)/Ribbit",
				);
				INFOPLIST_FILE = Ribbit/Info.plist;
				LD_RUNPATH_SEARCH_PATHS = "$(inherited) @executable_path/Frameworks";
				PRODUCT_BUNDLE_IDENTIFIER = com.jetwolfelabs.Ribbit;
				PRODUCT_NAME = "$(TARGET_NAME)";
			};
			name = Debug;
		};
		5B4DFD381BDAB8AA006BF891 /* Release */ = {
			isa = XCBuildConfiguration;
			buildSettings = {
				ASSETCATALOG_COMPILER_APPICON_NAME = AppIcon;
				FRAMEWORK_SEARCH_PATHS = (
					"$(inherited)",
					"$(PROJECT_DIR)/Ribbit",
				);
				INFOPLIST_FILE = Ribbit/Info.plist;
				LD_RUNPATH_SEARCH_PATHS = "$(inherited) @executable_path/Frameworks";
				PRODUCT_BUNDLE_IDENTIFIER = com.jetwolfelabs.Ribbit;
				PRODUCT_NAME = "$(TARGET_NAME)";
			};
			name = Release;
		};
		5B4DFD3A1BDAB8AA006BF891 /* Debug */ = {
			isa = XCBuildConfiguration;
			buildSettings = {
				BUNDLE_LOADER = "$(TEST_HOST)";
				INFOPLIST_FILE = RibbitTests/Info.plist;
				LD_RUNPATH_SEARCH_PATHS = "$(inherited) @executable_path/Frameworks @loader_path/Frameworks";
				PRODUCT_BUNDLE_IDENTIFIER = com.jetwolfelabs.RibbitTests;
				PRODUCT_NAME = "$(TARGET_NAME)";
				TEST_HOST = "$(BUILT_PRODUCTS_DIR)/Ribbit.app/Ribbit";
			};
			name = Debug;
		};
		5B4DFD3B1BDAB8AA006BF891 /* Release */ = {
			isa = XCBuildConfiguration;
			buildSettings = {
				BUNDLE_LOADER = "$(TEST_HOST)";
				INFOPLIST_FILE = RibbitTests/Info.plist;
				LD_RUNPATH_SEARCH_PATHS = "$(inherited) @executable_path/Frameworks @loader_path/Frameworks";
				PRODUCT_BUNDLE_IDENTIFIER = com.jetwolfelabs.RibbitTests;
				PRODUCT_NAME = "$(TARGET_NAME)";
				TEST_HOST = "$(BUILT_PRODUCTS_DIR)/Ribbit.app/Ribbit";
			};
			name = Release;
		};
		5B4DFD3D1BDAB8AA006BF891 /* Debug */ = {
			isa = XCBuildConfiguration;
			buildSettings = {
				INFOPLIST_FILE = RibbitUITests/Info.plist;
				LD_RUNPATH_SEARCH_PATHS = "$(inherited) @executable_path/Frameworks @loader_path/Frameworks";
				PRODUCT_BUNDLE_IDENTIFIER = com.jetwolfelabs.RibbitUITests;
				PRODUCT_NAME = "$(TARGET_NAME)";
				TEST_TARGET_NAME = Ribbit;
				USES_XCTRUNNER = YES;
			};
			name = Debug;
		};
		5B4DFD3E1BDAB8AA006BF891 /* Release */ = {
			isa = XCBuildConfiguration;
			buildSettings = {
				INFOPLIST_FILE = RibbitUITests/Info.plist;
				LD_RUNPATH_SEARCH_PATHS = "$(inherited) @executable_path/Frameworks @loader_path/Frameworks";
				PRODUCT_BUNDLE_IDENTIFIER = com.jetwolfelabs.RibbitUITests;
				PRODUCT_NAME = "$(TARGET_NAME)";
				TEST_TARGET_NAME = Ribbit;
				USES_XCTRUNNER = YES;
			};
			name = Release;
		};
/* End XCBuildConfiguration section */

/* Begin XCConfigurationList section */
		5B4DFD011BDAB8AA006BF891 /* Build configuration list for PBXProject "Ribbit" */ = {
			isa = XCConfigurationList;
			buildConfigurations = (
				5B4DFD341BDAB8AA006BF891 /* Debug */,
				5B4DFD351BDAB8AA006BF891 /* Release */,
			);
			defaultConfigurationIsVisible = 0;
			defaultConfigurationName = Release;
		};
		5B4DFD361BDAB8AA006BF891 /* Build configuration list for PBXNativeTarget "Ribbit" */ = {
			isa = XCConfigurationList;
			buildConfigurations = (
				5B4DFD371BDAB8AA006BF891 /* Debug */,
				5B4DFD381BDAB8AA006BF891 /* Release */,
			);
			defaultConfigurationIsVisible = 0;
			defaultConfigurationName = Release;
		};
		5B4DFD391BDAB8AA006BF891 /* Build configuration list for PBXNativeTarget "RibbitTests" */ = {
			isa = XCConfigurationList;
			buildConfigurations = (
				5B4DFD3A1BDAB8AA006BF891 /* Debug */,
				5B4DFD3B1BDAB8AA006BF891 /* Release */,
			);
			defaultConfigurationIsVisible = 0;
			defaultConfigurationName = Release;
		};
		5B4DFD3C1BDAB8AA006BF891 /* Build configuration list for PBXNativeTarget "RibbitUITests" */ = {
			isa = XCConfigurationList;
			buildConfigurations = (
				5B4DFD3D1BDAB8AA006BF891 /* Debug */,
				5B4DFD3E1BDAB8AA006BF891 /* Release */,
			);
			defaultConfigurationIsVisible = 0;
			defaultConfigurationName = Release;
		};
/* End XCConfigurationList section */
	};
	rootObject = 5B4DFCFE1BDAB8AA006BF891 /* Project object */;
}
